// !$*UTF8*$!
{
	archiveVersion = 1;
	classes = {
	};
	objectVersion = 55;
	objects = {

/* Begin PBXBuildFile section */
		7919B6D32820988D0012BD6A /* AppDelegate.swift in Sources */ = {isa = PBXBuildFile; fileRef = 7919B6D22820988D0012BD6A /* AppDelegate.swift */; };
		7919B6D52820988D0012BD6A /* SceneDelegate.swift in Sources */ = {isa = PBXBuildFile; fileRef = 7919B6D42820988D0012BD6A /* SceneDelegate.swift */; };
		7919B6D72820988D0012BD6A /* ViewController.swift in Sources */ = {isa = PBXBuildFile; fileRef = 7919B6D62820988D0012BD6A /* ViewController.swift */; };
		7919B6DA2820988D0012BD6A /* Main.storyboard in Resources */ = {isa = PBXBuildFile; fileRef = 7919B6D82820988D0012BD6A /* Main.storyboard */; };
		7919B6DC2820988F0012BD6A /* Assets.xcassets in Resources */ = {isa = PBXBuildFile; fileRef = 7919B6DB2820988F0012BD6A /* Assets.xcassets */; };
		7919B6DF2820988F0012BD6A /* LaunchScreen.storyboard in Resources */ = {isa = PBXBuildFile; fileRef = 7919B6DD2820988F0012BD6A /* LaunchScreen.storyboard */; };
		7919B6EA2820988F0012BD6A /* lifecount2Tests.swift in Sources */ = {isa = PBXBuildFile; fileRef = 7919B6E92820988F0012BD6A /* lifecount2Tests.swift */; };
		7919B6F42820988F0012BD6A /* lifecount2UITests.swift in Sources */ = {isa = PBXBuildFile; fileRef = 7919B6F32820988F0012BD6A /* lifecount2UITests.swift */; };
		7919B6F62820988F0012BD6A /* lifecount2UITestsLaunchTests.swift in Sources */ = {isa = PBXBuildFile; fileRef = 7919B6F52820988F0012BD6A /* lifecount2UITestsLaunchTests.swift */; };
		79BCFE452820E35A008ED259 /* players.swift in Sources */ = {isa = PBXBuildFile; fileRef = 79BCFE442820E35A008ED259 /* players.swift */; };
		79BCFE4F2820F013008ED259 /* HistoryViewController.swift in Sources */ = {isa = PBXBuildFile; fileRef = 79BCFE4E2820F013008ED259 /* HistoryViewController.swift */; };
		79BCFE512820F638008ED259 /* TableViewCell.swift in Sources */ = {isa = PBXBuildFile; fileRef = 79BCFE502820F638008ED259 /* TableViewCell.swift */; };
/* End PBXBuildFile section */

/* Begin PBXContainerItemProxy section */
		7919B6E62820988F0012BD6A /* PBXContainerItemProxy */ = {
			isa = PBXContainerItemProxy;
			containerPortal = 7919B6C72820988D0012BD6A /* Project object */;
			proxyType = 1;
			remoteGlobalIDString = 7919B6CE2820988D0012BD6A;
			remoteInfo = lifecount2;
		};
		7919B6F02820988F0012BD6A /* PBXContainerItemProxy */ = {
			isa = PBXContainerItemProxy;
			containerPortal = 7919B6C72820988D0012BD6A /* Project object */;
			proxyType = 1;
			remoteGlobalIDString = 7919B6CE2820988D0012BD6A;
			remoteInfo = lifecount2;
		};
/* End PBXContainerItemProxy section */

/* Begin PBXFileReference section */
		7919B6CF2820988D0012BD6A /* lifecount2.app */ = {isa = PBXFileReference; explicitFileType = wrapper.application; includeInIndex = 0; path = lifecount2.app; sourceTree = BUILT_PRODUCTS_DIR; };
		7919B6D22820988D0012BD6A /* AppDelegate.swift */ = {isa = PBXFileReference; lastKnownFileType = sourcecode.swift; path = AppDelegate.swift; sourceTree = "<group>"; };
		7919B6D42820988D0012BD6A /* SceneDelegate.swift */ = {isa = PBXFileReference; lastKnownFileType = sourcecode.swift; path = SceneDelegate.swift; sourceTree = "<group>"; };
		7919B6D62820988D0012BD6A /* ViewController.swift */ = {isa = PBXFileReference; lastKnownFileType = sourcecode.swift; path = ViewController.swift; sourceTree = "<group>"; };
		7919B6D92820988D0012BD6A /* Base */ = {isa = PBXFileReference; lastKnownFileType = file.storyboard; name = Base; path = Base.lproj/Main.storyboard; sourceTree = "<group>"; };
		7919B6DB2820988F0012BD6A /* Assets.xcassets */ = {isa = PBXFileReference; lastKnownFileType = folder.assetcatalog; path = Assets.xcassets; sourceTree = "<group>"; };
		7919B6DE2820988F0012BD6A /* Base */ = {isa = PBXFileReference; lastKnownFileType = file.storyboard; name = Base; path = Base.lproj/LaunchScreen.storyboard; sourceTree = "<group>"; };
		7919B6E02820988F0012BD6A /* Info.plist */ = {isa = PBXFileReference; lastKnownFileType = text.plist.xml; path = Info.plist; sourceTree = "<group>"; };
		7919B6E52820988F0012BD6A /* lifecount2Tests.xctest */ = {isa = PBXFileReference; explicitFileType = wrapper.cfbundle; includeInIndex = 0; path = lifecount2Tests.xctest; sourceTree = BUILT_PRODUCTS_DIR; };
		7919B6E92820988F0012BD6A /* lifecount2Tests.swift */ = {isa = PBXFileReference; lastKnownFileType = sourcecode.swift; path = lifecount2Tests.swift; sourceTree = "<group>"; };
		7919B6EF2820988F0012BD6A /* lifecount2UITests.xctest */ = {isa = PBXFileReference; explicitFileType = wrapper.cfbundle; includeInIndex = 0; path = lifecount2UITests.xctest; sourceTree = BUILT_PRODUCTS_DIR; };
		7919B6F32820988F0012BD6A /* lifecount2UITests.swift */ = {isa = PBXFileReference; lastKnownFileType = sourcecode.swift; path = lifecount2UITests.swift; sourceTree = "<group>"; };
		7919B6F52820988F0012BD6A /* lifecount2UITestsLaunchTests.swift */ = {isa = PBXFileReference; lastKnownFileType = sourcecode.swift; path = lifecount2UITestsLaunchTests.swift; sourceTree = "<group>"; };
		79BCFE442820E35A008ED259 /* players.swift */ = {isa = PBXFileReference; lastKnownFileType = sourcecode.swift; path = players.swift; sourceTree = "<group>"; };
		79BCFE4E2820F013008ED259 /* HistoryViewController.swift */ = {isa = PBXFileReference; lastKnownFileType = sourcecode.swift; path = HistoryViewController.swift; sourceTree = "<group>"; };
		79BCFE502820F638008ED259 /* TableViewCell.swift */ = {isa = PBXFileReference; lastKnownFileType = sourcecode.swift; path = TableViewCell.swift; sourceTree = "<group>"; };
/* End PBXFileReference section */

/* Begin PBXFrameworksBuildPhase section */
		7919B6CC2820988D0012BD6A /* Frameworks */ = {
			isa = PBXFrameworksBuildPhase;
			buildActionMask = 2147483647;
			files = (
			);
			runOnlyForDeploymentPostprocessing = 0;
		};
		7919B6E22820988F0012BD6A /* Frameworks */ = {
			isa = PBXFrameworksBuildPhase;
			buildActionMask = 2147483647;
			files = (
			);
			runOnlyForDeploymentPostprocessing = 0;
		};
		7919B6EC2820988F0012BD6A /* Frameworks */ = {
			isa = PBXFrameworksBuildPhase;
			buildActionMask = 2147483647;
			files = (
			);
			runOnlyForDeploymentPostprocessing = 0;
		};
/* End PBXFrameworksBuildPhase section */

/* Begin PBXGroup section */
		7919B6C62820988D0012BD6A = {
			isa = PBXGroup;
			children = (
				7919B6D12820988D0012BD6A /* lifecount2 */,
				7919B6E82820988F0012BD6A /* lifecount2Tests */,
				7919B6F22820988F0012BD6A /* lifecount2UITests */,
				7919B6D02820988D0012BD6A /* Products */,
			);
			sourceTree = "<group>";
		};
		7919B6D02820988D0012BD6A /* Products */ = {
			isa = PBXGroup;
			children = (
				7919B6CF2820988D0012BD6A /* lifecount2.app */,
				7919B6E52820988F0012BD6A /* lifecount2Tests.xctest */,
				7919B6EF2820988F0012BD6A /* lifecount2UITests.xctest */,
			);
			name = Products;
			sourceTree = "<group>";
		};
		7919B6D12820988D0012BD6A /* lifecount2 */ = {
			isa = PBXGroup;
			children = (
				7919B6D22820988D0012BD6A /* AppDelegate.swift */,
				7919B6D42820988D0012BD6A /* SceneDelegate.swift */,
				7919B6D62820988D0012BD6A /* ViewController.swift */,
				79BCFE502820F638008ED259 /* TableViewCell.swift */,
				79BCFE442820E35A008ED259 /* players.swift */,
				79BCFE4E2820F013008ED259 /* HistoryViewController.swift */,
				7919B6D82820988D0012BD6A /* Main.storyboard */,
				7919B6DB2820988F0012BD6A /* Assets.xcassets */,
				7919B6DD2820988F0012BD6A /* LaunchScreen.storyboard */,
				7919B6E02820988F0012BD6A /* Info.plist */,
			);
			path = lifecount2;
			sourceTree = "<group>";
		};
		7919B6E82820988F0012BD6A /* lifecount2Tests */ = {
			isa = PBXGroup;
			children = (
				7919B6E92820988F0012BD6A /* lifecount2Tests.swift */,
			);
			path = lifecount2Tests;
			sourceTree = "<group>";
		};
		7919B6F22820988F0012BD6A /* lifecount2UITests */ = {
			isa = PBXGroup;
			children = (
				7919B6F32820988F0012BD6A /* lifecount2UITests.swift */,
				7919B6F52820988F0012BD6A /* lifecount2UITestsLaunchTests.swift */,
			);
			path = lifecount2UITests;
			sourceTree = "<group>";
		};
/* End PBXGroup section */

/* Begin PBXNativeTarget section */
		7919B6CE2820988D0012BD6A /* lifecount2 */ = {
			isa = PBXNativeTarget;
			buildConfigurationList = 7919B6F92820988F0012BD6A /* Build configuration list for PBXNativeTarget "lifecount2" */;
			buildPhases = (
				7919B6CB2820988D0012BD6A /* Sources */,
				7919B6CC2820988D0012BD6A /* Frameworks */,
				7919B6CD2820988D0012BD6A /* Resources */,
			);
			buildRules = (
			);
			dependencies = (
			);
			name = lifecount2;
			productName = lifecount2;
			productReference = 7919B6CF2820988D0012BD6A /* lifecount2.app */;
			productType = "com.apple.product-type.application";
		};
		7919B6E42820988F0012BD6A /* lifecount2Tests */ = {
			isa = PBXNativeTarget;
			buildConfigurationList = 7919B6FC2820988F0012BD6A /* Build configuration list for PBXNativeTarget "lifecount2Tests" */;
			buildPhases = (
				7919B6E12820988F0012BD6A /* Sources */,
				7919B6E22820988F0012BD6A /* Frameworks */,
				7919B6E32820988F0012BD6A /* Resources */,
			);
			buildRules = (
			);
			dependencies = (
				7919B6E72820988F0012BD6A /* PBXTargetDependency */,
			);
			name = lifecount2Tests;
			productName = lifecount2Tests;
			productReference = 7919B6E52820988F0012BD6A /* lifecount2Tests.xctest */;
			productType = "com.apple.product-type.bundle.unit-test";
		};
		7919B6EE2820988F0012BD6A /* lifecount2UITests */ = {
			isa = PBXNativeTarget;
			buildConfigurationList = 7919B6FF2820988F0012BD6A /* Build configuration list for PBXNativeTarget "lifecount2UITests" */;
			buildPhases = (
				7919B6EB2820988F0012BD6A /* Sources */,
				7919B6EC2820988F0012BD6A /* Frameworks */,
				7919B6ED2820988F0012BD6A /* Resources */,
			);
			buildRules = (
			);
			dependencies = (
				7919B6F12820988F0012BD6A /* PBXTargetDependency */,
			);
			name = lifecount2UITests;
			productName = lifecount2UITests;
			productReference = 7919B6EF2820988F0012BD6A /* lifecount2UITests.xctest */;
			productType = "com.apple.product-type.bundle.ui-testing";
		};
/* End PBXNativeTarget section */

/* Begin PBXProject section */
		7919B6C72820988D0012BD6A /* Project object */ = {
			isa = PBXProject;
			attributes = {
				BuildIndependentTargetsInParallel = 1;
				LastSwiftUpdateCheck = 1330;
				LastUpgradeCheck = 1330;
				TargetAttributes = {
					7919B6CE2820988D0012BD6A = {
						CreatedOnToolsVersion = 13.3.1;
					};
					7919B6E42820988F0012BD6A = {
						CreatedOnToolsVersion = 13.3.1;
						TestTargetID = 7919B6CE2820988D0012BD6A;
					};
					7919B6EE2820988F0012BD6A = {
						CreatedOnToolsVersion = 13.3.1;
						TestTargetID = 7919B6CE2820988D0012BD6A;
					};
				};
			};
			buildConfigurationList = 7919B6CA2820988D0012BD6A /* Build configuration list for PBXProject "lifecount2" */;
			compatibilityVersion = "Xcode 13.0";
			developmentRegion = en;
			hasScannedForEncodings = 0;
			knownRegions = (
				en,
				Base,
			);
			mainGroup = 7919B6C62820988D0012BD6A;
			productRefGroup = 7919B6D02820988D0012BD6A /* Products */;
			projectDirPath = "";
			projectRoot = "";
			targets = (
				7919B6CE2820988D0012BD6A /* lifecount2 */,
				7919B6E42820988F0012BD6A /* lifecount2Tests */,
				7919B6EE2820988F0012BD6A /* lifecount2UITests */,
			);
		};
/* End PBXProject section */

/* Begin PBXResourcesBuildPhase section */
		7919B6CD2820988D0012BD6A /* Resources */ = {
			isa = PBXResourcesBuildPhase;
			buildActionMask = 2147483647;
			files = (
				7919B6DF2820988F0012BD6A /* LaunchScreen.storyboard in Resources */,
				7919B6DC2820988F0012BD6A /* Assets.xcassets in Resources */,
				7919B6DA2820988D0012BD6A /* Main.storyboard in Resources */,
			);
			runOnlyForDeploymentPostprocessing = 0;
		};
		7919B6E32820988F0012BD6A /* Resources */ = {
			isa = PBXResourcesBuildPhase;
			buildActionMask = 2147483647;
			files = (
			);
			runOnlyForDeploymentPostprocessing = 0;
		};
		7919B6ED2820988F0012BD6A /* Resources */ = {
			isa = PBXResourcesBuildPhase;
			buildActionMask = 2147483647;
			files = (
			);
			runOnlyForDeploymentPostprocessing = 0;
		};
/* End PBXResourcesBuildPhase section */

/* Begin PBXSourcesBuildPhase section */
		7919B6CB2820988D0012BD6A /* Sources */ = {
			isa = PBXSourcesBuildPhase;
			buildActionMask = 2147483647;
			files = (
				79BCFE452820E35A008ED259 /* players.swift in Sources */,
				7919B6D72820988D0012BD6A /* ViewController.swift in Sources */,
				7919B6D32820988D0012BD6A /* AppDelegate.swift in Sources */,
				79BCFE512820F638008ED259 /* TableViewCell.swift in Sources */,
				79BCFE4F2820F013008ED259 /* HistoryViewController.swift in Sources */,
				7919B6D52820988D0012BD6A /* SceneDelegate.swift in Sources */,
			);
			runOnlyForDeploymentPostprocessing = 0;
		};
		7919B6E12820988F0012BD6A /* Sources */ = {
			isa = PBXSourcesBuildPhase;
			buildActionMask = 2147483647;
			files = (
				7919B6EA2820988F0012BD6A /* lifecount2Tests.swift in Sources */,
			);
			runOnlyForDeploymentPostprocessing = 0;
		};
		7919B6EB2820988F0012BD6A /* Sources */ = {
			isa = PBXSourcesBuildPhase;
			buildActionMask = 2147483647;
			files = (
				7919B6F42820988F0012BD6A /* lifecount2UITests.swift in Sources */,
				7919B6F62820988F0012BD6A /* lifecount2UITestsLaunchTests.swift in Sources */,
			);
			runOnlyForDeploymentPostprocessing = 0;
		};
/* End PBXSourcesBuildPhase section */

/* Begin PBXTargetDependency section */
		7919B6E72820988F0012BD6A /* PBXTargetDependency */ = {
			isa = PBXTargetDependency;
			target = 7919B6CE2820988D0012BD6A /* lifecount2 */;
			targetProxy = 7919B6E62820988F0012BD6A /* PBXContainerItemProxy */;
		};
		7919B6F12820988F0012BD6A /* PBXTargetDependency */ = {
			isa = PBXTargetDependency;
			target = 7919B6CE2820988D0012BD6A /* lifecount2 */;
			targetProxy = 7919B6F02820988F0012BD6A /* PBXContainerItemProxy */;
		};
/* End PBXTargetDependency section */

/* Begin PBXVariantGroup section */
		7919B6D82820988D0012BD6A /* Main.storyboard */ = {
			isa = PBXVariantGroup;
			children = (
				7919B6D92820988D0012BD6A /* Base */,
			);
			name = Main.storyboard;
			sourceTree = "<group>";
		};
		7919B6DD2820988F0012BD6A /* LaunchScreen.storyboard */ = {
			isa = PBXVariantGroup;
			children = (
				7919B6DE2820988F0012BD6A /* Base */,
			);
			name = LaunchScreen.storyboard;
			sourceTree = "<group>";
		};
/* End PBXVariantGroup section */

/* Begin XCBuildConfiguration section */
		7919B6F72820988F0012BD6A /* Debug */ = {
			isa = XCBuildConfiguration;
			buildSettings = {
				ALWAYS_SEARCH_USER_PATHS = NO;
				CLANG_ANALYZER_NONNULL = YES;
				CLANG_ANALYZER_NUMBER_OBJECT_CONVERSION = YES_AGGRESSIVE;
				CLANG_CXX_LANGUAGE_STANDARD = "gnu++17";
				CLANG_ENABLE_MODULES = YES;
				CLANG_ENABLE_OBJC_ARC = YES;
				CLANG_ENABLE_OBJC_WEAK = YES;
				CLANG_WARN_BLOCK_CAPTURE_AUTORELEASING = YES;
				CLANG_WARN_BOOL_CONVERSION = YES;
				CLANG_WARN_COMMA = YES;
				CLANG_WARN_CONSTANT_CONVERSION = YES;
				CLANG_WARN_DEPRECATED_OBJC_IMPLEMENTATIONS = YES;
				CLANG_WARN_DIRECT_OBJC_ISA_USAGE = YES_ERROR;
				CLANG_WARN_DOCUMENTATION_COMMENTS = YES;
				CLANG_WARN_EMPTY_BODY = YES;
				CLANG_WARN_ENUM_CONVERSION = YES;
				CLANG_WARN_INFINITE_RECURSION = YES;
				CLANG_WARN_INT_CONVERSION = YES;
				CLANG_WARN_NON_LITERAL_NULL_CONVERSION = YES;
				CLANG_WARN_OBJC_IMPLICIT_RETAIN_SELF = YES;
				CLANG_WARN_OBJC_LITERAL_CONVERSION = YES;
				CLANG_WARN_OBJC_ROOT_CLASS = YES_ERROR;
				CLANG_WARN_QUOTED_INCLUDE_IN_FRAMEWORK_HEADER = YES;
				CLANG_WARN_RANGE_LOOP_ANALYSIS = YES;
				CLANG_WARN_STRICT_PROTOTYPES = YES;
				CLANG_WARN_SUSPICIOUS_MOVE = YES;
				CLANG_WARN_UNGUARDED_AVAILABILITY = YES_AGGRESSIVE;
				CLANG_WARN_UNREACHABLE_CODE = YES;
				CLANG_WARN__DUPLICATE_METHOD_MATCH = YES;
				COPY_PHASE_STRIP = NO;
				DEBUG_INFORMATION_FORMAT = dwarf;
				ENABLE_STRICT_OBJC_MSGSEND = YES;
				ENABLE_TESTABILITY = YES;
				GCC_C_LANGUAGE_STANDARD = gnu11;
				GCC_DYNAMIC_NO_PIC = NO;
				GCC_NO_COMMON_BLOCKS = YES;
				GCC_OPTIMIZATION_LEVEL = 0;
				GCC_PREPROCESSOR_DEFINITIONS = (
					"DEBUG=1",
					"$(inherited)",
				);
				GCC_WARN_64_TO_32_BIT_CONVERSION = YES;
				GCC_WARN_ABOUT_RETURN_TYPE = YES_ERROR;
				GCC_WARN_UNDECLARED_SELECTOR = YES;
				GCC_WARN_UNINITIALIZED_AUTOS = YES_AGGRESSIVE;
				GCC_WARN_UNUSED_FUNCTION = YES;
				GCC_WARN_UNUSED_VARIABLE = YES;
				IPHONEOS_DEPLOYMENT_TARGET = 15.4;
				MTL_ENABLE_DEBUG_INFO = INCLUDE_SOURCE;
				MTL_FAST_MATH = YES;
				ONLY_ACTIVE_ARCH = YES;
				SDKROOT = iphoneos;
				SWIFT_ACTIVE_COMPILATION_CONDITIONS = DEBUG;
				SWIFT_OPTIMIZATION_LEVEL = "-Onone";
			};
			name = Debug;
		};
		7919B6F82820988F0012BD6A /* Release */ = {
			isa = XCBuildConfiguration;
			buildSettings = {
				ALWAYS_SEARCH_USER_PATHS = NO;
				CLANG_ANALYZER_NONNULL = YES;
				CLANG_ANALYZER_NUMBER_OBJECT_CONVERSION = YES_AGGRESSIVE;
				CLANG_CXX_LANGUAGE_STANDARD = "gnu++17";
				CLANG_ENABLE_MODULES = YES;
				CLANG_ENABLE_OBJC_ARC = YES;
				CLANG_ENABLE_OBJC_WEAK = YES;
				CLANG_WARN_BLOCK_CAPTURE_AUTORELEASING = YES;
				CLANG_WARN_BOOL_CONVERSION = YES;
				CLANG_WARN_COMMA = YES;
				CLANG_WARN_CONSTANT_CONVERSION = YES;
				CLANG_WARN_DEPRECATED_OBJC_IMPLEMENTATIONS = YES;
				CLANG_WARN_DIRECT_OBJC_ISA_USAGE = YES_ERROR;
				CLANG_WARN_DOCUMENTATION_COMMENTS = YES;
				CLANG_WARN_EMPTY_BODY = YES;
				CLANG_WARN_ENUM_CONVERSION = YES;
				CLANG_WARN_INFINITE_RECURSION = YES;
				CLANG_WARN_INT_CONVERSION = YES;
				CLANG_WARN_NON_LITERAL_NULL_CONVERSION = YES;
				CLANG_WARN_OBJC_IMPLICIT_RETAIN_SELF = YES;
				CLANG_WARN_OBJC_LITERAL_CONVERSION = YES;
				CLANG_WARN_OBJC_ROOT_CLASS = YES_ERROR;
				CLANG_WARN_QUOTED_INCLUDE_IN_FRAMEWORK_HEADER = YES;
				CLANG_WARN_RANGE_LOOP_ANALYSIS = YES;
				CLANG_WARN_STRICT_PROTOTYPES = YES;
				CLANG_WARN_SUSPICIOUS_MOVE = YES;
				CLANG_WARN_UNGUARDED_AVAILABILITY = YES_AGGRESSIVE;
				CLANG_WARN_UNREACHABLE_CODE = YES;
				CLANG_WARN__DUPLICATE_METHOD_MATCH = YES;
				COPY_PHASE_STRIP = NO;
				DEBUG_INFORMATION_FORMAT = "dwarf-with-dsym";
				ENABLE_NS_ASSERTIONS = NO;
				ENABLE_STRICT_OBJC_MSGSEND = YES;
				GCC_C_LANGUAGE_STANDARD = gnu11;
				GCC_NO_COMMON_BLOCKS = YES;
				GCC_WARN_64_TO_32_BIT_CONVERSION = YES;
				GCC_WARN_ABOUT_RETURN_TYPE = YES_ERROR;
				GCC_WARN_UNDECLARED_SELECTOR = YES;
				GCC_WARN_UNINITIALIZED_AUTOS = YES_AGGRESSIVE;
				GCC_WARN_UNUSED_FUNCTION = YES;
				GCC_WARN_UNUSED_VARIABLE = YES;
				IPHONEOS_DEPLOYMENT_TARGET = 15.4;
				MTL_ENABLE_DEBUG_INFO = NO;
				MTL_FAST_MATH = YES;
				SDKROOT = iphoneos;
				SWIFT_COMPILATION_MODE = wholemodule;
				SWIFT_OPTIMIZATION_LEVEL = "-O";
				VALIDATE_PRODUCT = YES;
			};
			name = Release;
		};
		7919B6FA2820988F0012BD6A /* Debug */ = {
			isa = XCBuildConfiguration;
			buildSettings = {
				ASSETCATALOG_COMPILER_APPICON_NAME = AppIcon;
				ASSETCATALOG_COMPILER_GLOBAL_ACCENT_COLOR_NAME = AccentColor;
				CODE_SIGN_STYLE = Automatic;
				CURRENT_PROJECT_VERSION = 1;
				DEVELOPMENT_TEAM = 2N66C35MFX;
				GENERATE_INFOPLIST_FILE = YES;
				INFOPLIST_FILE = lifecount2/Info.plist;
				INFOPLIST_KEY_UIApplicationSupportsIndirectInputEvents = YES;
				INFOPLIST_KEY_UILaunchStoryboardName = LaunchScreen;
				INFOPLIST_KEY_UIMainStoryboardFile = Main;
				INFOPLIST_KEY_UISupportedInterfaceOrientations_iPad = "UIInterfaceOrientationPortrait UIInterfaceOrientationPortraitUpsideDown UIInterfaceOrientationLandscapeLeft UIInterfaceOrientationLandscapeRight";
				INFOPLIST_KEY_UISupportedInterfaceOrientations_iPhone = "UIInterfaceOrientationPortrait UIInterfaceOrientationLandscapeLeft UIInterfaceOrientationLandscapeRight";
				LD_RUNPATH_SEARCH_PATHS = (
					"$(inherited)",
					"@executable_path/Frameworks",
				);
				MARKETING_VERSION = 1.0;
				PRODUCT_BUNDLE_IDENTIFIER = skywu.lifecount2;
				PRODUCT_NAME = "$(TARGET_NAME)";
				SWIFT_EMIT_LOC_STRINGS = YES;
				SWIFT_VERSION = 5.0;
				TARGETED_DEVICE_FAMILY = "1,2";
			};
			name = Debug;
		};
		7919B6FB2820988F0012BD6A /* Release */ = {
			isa = XCBuildConfiguration;
			buildSettings = {
				ASSETCATALOG_COMPILER_APPICON_NAME = AppIcon;
				ASSETCATALOG_COMPILER_GLOBAL_ACCENT_COLOR_NAME = AccentColor;
				CODE_SIGN_STYLE = Automatic;
				CURRENT_PROJECT_VERSION = 1;
				DEVELOPMENT_TEAM = 2N66C35MFX;
				GENERATE_INFOPLIST_FILE = YES;
				INFOPLIST_FILE = lifecount2/Info.plist;
				INFOPLIST_KEY_UIApplicationSupportsIndirectInputEvents = YES;
				INFOPLIST_KEY_UILaunchStoryboardName = LaunchScreen;
				INFOPLIST_KEY_UIMainStoryboardFile = Main;
				INFOPLIST_KEY_UISupportedInterfaceOrientations_iPad = "UIInterfaceOrientationPortrait UIInterfaceOrientationPortraitUpsideDown UIInterfaceOrientationLandscapeLeft UIInterfaceOrientationLandscapeRight";
				INFOPLIST_KEY_UISupportedInterfaceOrientations_iPhone = "UIInterfaceOrientationPortrait UIInterfaceOrientationLandscapeLeft UIInterfaceOrientationLandscapeRight";
				LD_RUNPATH_SEARCH_PATHS = (
					"$(inherited)",
					"@executable_path/Frameworks",
				);
				MARKETING_VERSION = 1.0;
				PRODUCT_BUNDLE_IDENTIFIER = skywu.lifecount2;
				PRODUCT_NAME = "$(TARGET_NAME)";
				SWIFT_EMIT_LOC_STRINGS = YES;
				SWIFT_VERSION = 5.0;
				TARGETED_DEVICE_FAMILY = "1,2";
			};
			name = Release;
		};
		7919B6FD2820988F0012BD6A /* Debug */ = {
			isa = XCBuildConfiguration;
			buildSettings = {
				ALWAYS_EMBED_SWIFT_STANDARD_LIBRARIES = YES;
				BUNDLE_LOADER = "$(TEST_HOST)";
				CODE_SIGN_STYLE = Automatic;
				CURRENT_PROJECT_VERSION = 1;
				DEVELOPMENT_TEAM = 2N66C35MFX;
				GENERATE_INFOPLIST_FILE = YES;
				IPHONEOS_DEPLOYMENT_TARGET = 15.4;
				MARKETING_VERSION = 1.0;
				PRODUCT_BUNDLE_IDENTIFIER = skywu.lifecount2Tests;
				PRODUCT_NAME = "$(TARGET_NAME)";
				SWIFT_EMIT_LOC_STRINGS = NO;
				SWIFT_VERSION = 5.0;
				TARGETED_DEVICE_FAMILY = "1,2";
				TEST_HOST = "$(BUILT_PRODUCTS_DIR)/lifecount2.app/lifecount2";
			};
			name = Debug;
		};
		7919B6FE2820988F0012BD6A /* Release */ = {
			isa = XCBuildConfiguration;
			buildSettings = {
				ALWAYS_EMBED_SWIFT_STANDARD_LIBRARIES = YES;
				BUNDLE_LOADER = "$(TEST_HOST)";
				CODE_SIGN_STYLE = Automatic;
				CURRENT_PROJECT_VERSION = 1;
				DEVELOPMENT_TEAM = 2N66C35MFX;
				GENERATE_INFOPLIST_FILE = YES;
				IPHONEOS_DEPLOYMENT_TARGET = 15.4;
				MARKETING_VERSION = 1.0;
				PRODUCT_BUNDLE_IDENTIFIER = skywu.lifecount2Tests;
				PRODUCT_NAME = "$(TARGET_NAME)";
				SWIFT_EMIT_LOC_STRINGS = NO;
				SWIFT_VERSION = 5.0;
				TARGETED_DEVICE_FAMILY = "1,2";
				TEST_HOST = "$(BUILT_PRODUCTS_DIR)/lifecount2.app/lifecount2";
			};
			name = Release;
		};
		7919B7002820988F0012BD6A /* Debug */ = {
			isa = XCBuildConfiguration;
			buildSettings = {
				ALWAYS_EMBED_SWIFT_STANDARD_LIBRARIES = YES;
				CODE_SIGN_STYLE = Automatic;
				CURRENT_PROJECT_VERSION = 1;
				DEVELOPMENT_TEAM = 2N66C35MFX;
				GENERATE_INFOPLIST_FILE = YES;
				MARKETING_VERSION = 1.0;
				PRODUCT_BUNDLE_IDENTIFIER = skywu.lifecount2UITests;
				PRODUCT_NAME = "$(TARGET_NAME)";
				SWIFT_EMIT_LOC_STRINGS = NO;
				SWIFT_VERSION = 5.0;
				TARGETED_DEVICE_FAMILY = "1,2";
				TEST_TARGET_NAME = lifecount2;
			};
			name = Debug;
		};
		7919B7012820988F0012BD6A /* Release */ = {
			isa = XCBuildConfiguration;
			buildSettings = {
				ALWAYS_EMBED_SWIFT_STANDARD_LIBRARIES = YES;
				CODE_SIGN_STYLE = Automatic;
				CURRENT_PROJECT_VERSION = 1;
				DEVELOPMENT_TEAM = 2N66C35MFX;
				GENERATE_INFOPLIST_FILE = YES;
				MARKETING_VERSION = 1.0;
				PRODUCT_BUNDLE_IDENTIFIER = skywu.lifecount2UITests;
				PRODUCT_NAME = "$(TARGET_NAME)";
				SWIFT_EMIT_LOC_STRINGS = NO;
				SWIFT_VERSION = 5.0;
				TARGETED_DEVICE_FAMILY = "1,2";
				TEST_TARGET_NAME = lifecount2;
			};
			name = Release;
		};
/* End XCBuildConfiguration section */

/* Begin XCConfigurationList section */
		7919B6CA2820988D0012BD6A /* Build configuration list for PBXProject "lifecount2" */ = {
			isa = XCConfigurationList;
			buildConfigurations = (
				7919B6F72820988F0012BD6A /* Debug */,
				7919B6F82820988F0012BD6A /* Release */,
			);
			defaultConfigurationIsVisible = 0;
			defaultConfigurationName = Release;
		};
		7919B6F92820988F0012BD6A /* Build configuration list for PBXNativeTarget "lifecount2" */ = {
			isa = XCConfigurationList;
			buildConfigurations = (
				7919B6FA2820988F0012BD6A /* Debug */,
				7919B6FB2820988F0012BD6A /* Release */,
			);
			defaultConfigurationIsVisible = 0;
			defaultConfigurationName = Release;
		};
		7919B6FC2820988F0012BD6A /* Build configuration list for PBXNativeTarget "lifecount2Tests" */ = {
			isa = XCConfigurationList;
			buildConfigurations = (
				7919B6FD2820988F0012BD6A /* Debug */,
				7919B6FE2820988F0012BD6A /* Release */,
			);
			defaultConfigurationIsVisible = 0;
			defaultConfigurationName = Release;
		};
		7919B6FF2820988F0012BD6A /* Build configuration list for PBXNativeTarget "lifecount2UITests" */ = {
			isa = XCConfigurationList;
			buildConfigurations = (
				7919B7002820988F0012BD6A /* Debug */,
				7919B7012820988F0012BD6A /* Release */,
			);
			defaultConfigurationIsVisible = 0;
			defaultConfigurationName = Release;
		};
/* End XCConfigurationList section */
	};
	rootObject = 7919B6C72820988D0012BD6A /* Project object */;
}
